{
  "requires": true,
  "lockfileVersion": 1,
  "dependencies": {
    "@babel/helper-builder-react-jsx": {
      "version": "7.8.3",
      "resolved": "https://registry.npmjs.org/@babel/helper-builder-react-jsx/-/helper-builder-react-jsx-7.8.3.tgz",
      "integrity": "sha512-JT8mfnpTkKNCboTqZsQTdGo3l3Ik3l7QIt9hh0O9DYiwVel37VoJpILKM4YFbP2euF32nkQSb+F9cUk9b7DDXQ==",
      "dev": true,
      "requires": {
        "@babel/types": "^7.8.3",
        "esutils": "^2.0.0"
      }
    },
    "@babel/helper-plugin-utils": {
      "version": "7.8.3",
      "resolved": "https://registry.npmjs.org/@babel/helper-plugin-utils/-/helper-plugin-utils-7.8.3.tgz",
      "integrity": "sha512-j+fq49Xds2smCUNYmEHF9kGNkhbet6yVIBp4e6oeQpH1RUs/Ir06xUKzDjDkGcaaokPiTNs2JBWHjaE4csUkZQ==",
      "dev": true
    },
    "@babel/plugin-syntax-jsx": {
      "version": "7.8.3",
      "resolved": "https://registry.npmjs.org/@babel/plugin-syntax-jsx/-/plugin-syntax-jsx-7.8.3.tgz",
      "integrity": "sha512-WxdW9xyLgBdefoo0Ynn3MRSkhe5tFVxxKNVdnZSh318WrG2e2jH+E9wd/++JsqcLJZPfz87njQJ8j2Upjm0M0A==",
      "dev": true,
      "requires": {
        "@babel/helper-plugin-utils": "^7.8.3"
      }
    },
    "@babel/plugin-transform-react-display-name": {
      "version": "7.8.3",
      "resolved": "https://registry.npmjs.org/@babel/plugin-transform-react-display-name/-/plugin-transform-react-display-name-7.8.3.tgz",
      "integrity": "sha512-3Jy/PCw8Fe6uBKtEgz3M82ljt+lTg+xJaM4og+eyu83qLT87ZUSckn0wy7r31jflURWLO83TW6Ylf7lyXj3m5A==",
      "dev": true,
      "requires": {
        "@babel/helper-plugin-utils": "^7.8.3"
      }
    },
    "@babel/plugin-transform-react-jsx": {
      "version": "7.8.3",
      "resolved": "https://registry.npmjs.org/@babel/plugin-transform-react-jsx/-/plugin-transform-react-jsx-7.8.3.tgz",
      "integrity": "sha512-r0h+mUiyL595ikykci+fbwm9YzmuOrUBi0b+FDIKmi3fPQyFokWVEMJnRWHJPPQEjyFJyna9WZC6Viv6UHSv1g==",
      "dev": true,
      "requires": {
        "@babel/helper-builder-react-jsx": "^7.8.3",
        "@babel/helper-plugin-utils": "^7.8.3",
        "@babel/plugin-syntax-jsx": "^7.8.3"
      }
    },
    "@babel/plugin-transform-react-jsx-self": {
      "version": "7.8.3",
      "resolved": "https://registry.npmjs.org/@babel/plugin-transform-react-jsx-self/-/plugin-transform-react-jsx-self-7.8.3.tgz",
      "integrity": "sha512-01OT7s5oa0XTLf2I8XGsL8+KqV9lx3EZV+jxn/L2LQ97CGKila2YMroTkCEIE0HV/FF7CMSRsIAybopdN9NTdg==",
      "dev": true,
      "requires": {
        "@babel/helper-plugin-utils": "^7.8.3",
        "@babel/plugin-syntax-jsx": "^7.8.3"
      }
    },
    "@babel/plugin-transform-react-jsx-source": {
      "version": "7.8.3",
      "resolved": "https://registry.npmjs.org/@babel/plugin-transform-react-jsx-source/-/plugin-transform-react-jsx-source-7.8.3.tgz",
      "integrity": "sha512-PLMgdMGuVDtRS/SzjNEQYUT8f4z1xb2BAT54vM1X5efkVuYBf5WyGUMbpmARcfq3NaglIwz08UVQK4HHHbC6ag==",
      "dev": true,
      "requires": {
        "@babel/helper-plugin-utils": "^7.8.3",
        "@babel/plugin-syntax-jsx": "^7.8.3"
      }
    },
    "@babel/preset-react": {
      "version": "7.8.3",
      "resolved": "https://registry.npmjs.org/@babel/preset-react/-/preset-react-7.8.3.tgz",
      "integrity": "sha512-9hx0CwZg92jGb7iHYQVgi0tOEHP/kM60CtWJQnmbATSPIQQ2xYzfoCI3EdqAhFBeeJwYMdWQuDUHMsuDbH9hyQ==",
      "dev": true,
      "requires": {
        "@babel/helper-plugin-utils": "^7.8.3",
        "@babel/plugin-transform-react-display-name": "^7.8.3",
        "@babel/plugin-transform-react-jsx": "^7.8.3",
        "@babel/plugin-transform-react-jsx-self": "^7.8.3",
        "@babel/plugin-transform-react-jsx-source": "^7.8.3"
      }
    },
    "@babel/types": {
      "version": "7.8.3",
      "resolved": "https://registry.npmjs.org/@babel/types/-/types-7.8.3.tgz",
      "integrity": "sha512-jBD+G8+LWpMBBWvVcdr4QysjUE4mU/syrhN17o1u3gx0/WzJB1kwiVZAXRtWbsIPOwW8pF/YJV5+nmetPzepXg==",
      "dev": true,
      "requires": {
        "esutils": "^2.0.2",
        "lodash": "^4.17.13",
        "to-fast-properties": "^2.0.0"
      }
    },
    "core-js": {
      "version": "3.6.4",
      "resolved": "https://registry.npmjs.org/core-js/-/core-js-3.6.4.tgz",
      "integrity": "sha512-4paDGScNgZP2IXXilaffL9X7968RuvwlkK3xWtZRVqgd8SYNiVKRJvkFd1aqqEuPfN7E68ZHEp9hDj6lHj4Hyw=="
    },
    "esutils": {
      "version": "2.0.3",
      "resolved": "https://registry.npmjs.org/esutils/-/esutils-2.0.3.tgz",
      "integrity": "sha512-kVscqXk4OCp68SZ0dkgEKVi6/8ij300KBWTJq32P/dYeWTSwK41WyTxalN1eRmA5Z9UU/LX9D7FWSmV9SAYx6g==",
      "dev": true
    },
    "fsevents": {
      "version": "2.1.2",
      "resolved": "https://registry.npmjs.org/fsevents/-/fsevents-2.1.2.tgz",
      "integrity": "sha512-R4wDiBwZ0KzpgOWetKDug1FZcYhqYnUYKtfZYt4mD5SBz76q0KR4Q9o7GIPamsVPGmW3EYPPJ0dOOjvx32ldZA==",
      "dev": true
    },
    "lodash": {
      "version": "4.17.15",
      "resolved": "https://registry.npmjs.org/lodash/-/lodash-4.17.15.tgz",
      "integrity": "sha512-8xOcRHvCjnocdS5cpwXQXVzmmh5e5+saE2QGoeQmbKmRS6J3VQppPOIt0MnmE+4xlZoumy0GPG0D0MVIQbNA1A==",
      "dev": true
    },
    "to-fast-properties": {
      "version": "2.0.0",
      "resolved": "https://registry.npmjs.org/to-fast-properties/-/to-fast-properties-2.0.0.tgz",
      "integrity": "sha1-3F5pjL0HkmW8c+A3doGk5Og/YW4=",
      "dev": true
    }
  }
}
